<?xml version="1.0" encoding="utf-8"?>
<Project ToolsVersion="4.0" xmlns="http://schemas.microsoft.com/developer/msbuild/2003">
  <ItemGroup>
    <Filter Include="vulkan">
      <UniqueIdentifier>{6b215253-3b25-42ab-91dc-f3ae814c4a41}</UniqueIdentifier>
    </Filter>
    <Filter Include="util">
      <UniqueIdentifier>{96b53823-fb6f-4c1a-9c1f-0b1598621ca7}</UniqueIdentifier>
    </Filter>
    <Filter Include="platform">
      <UniqueIdentifier>{fb6b1fbb-829e-4b78-8018-ec0c98492638}</UniqueIdentifier>
    </Filter>
  </ItemGroup>
  <ItemGroup>
    <ClCompile Include="vulkan\instance.cpp">
      <Filter>vulkan</Filter>
    </ClCompile>
    <ClCompile Include="util\util.cpp">
      <Filter>util</Filter>
    </ClCompile>
    <ClCompile Include="platform\window.cpp">
      <Filter>platform</Filter>
    </ClCompile>
    <ClCompile Include="main.cpp" />
  </ItemGroup>
  <ItemGroup>
    <ClInclude Include="vulkan\instance.hpp">
      <Filter>vulkan</Filter>
    </ClInclude>
    <ClInclude Include="util\util.hpp">
      <Filter>util</Filter>
    </ClInclude>
    <ClInclude Include="vulkan\vkmain.hpp">
      <Filter>vulkan</Filter>
    </ClInclude>
    <ClInclude Include="platform\window.hpp">
      <Filter>platform</Filter>
    </ClInclude>
  </ItemGroup>
</Project>